// !$*UTF8*$!
{
	archiveVersion = 1;
	classes = {
	};
	objectVersion = 55;
	objects = {

/* Begin PBXBuildFile section */
		12848EEA298D4D5700EA4D8B /* AppDelegate.swift in Sources */ = {isa = PBXBuildFile; fileRef = 12848EE9298D4D5700EA4D8B /* AppDelegate.swift */; };
		12848EEC298D4D5700EA4D8B /* SceneDelegate.swift in Sources */ = {isa = PBXBuildFile; fileRef = 12848EEB298D4D5700EA4D8B /* SceneDelegate.swift */; };
		12848EF3298D4D5900EA4D8B /* Assets.xcassets in Resources */ = {isa = PBXBuildFile; fileRef = 12848EF2298D4D5900EA4D8B /* Assets.xcassets */; };
		12848EF6298D4D5900EA4D8B /* LaunchScreen.storyboard in Resources */ = {isa = PBXBuildFile; fileRef = 12848EF4298D4D5900EA4D8B /* LaunchScreen.storyboard */; };
		12848F1B298DCC2000EA4D8B /* SearchResults.swift in Sources */ = {isa = PBXBuildFile; fileRef = 12848F1A298DCC2000EA4D8B /* SearchResults.swift */; };
		12848F2E298E5B4B00EA4D8B /* NewsViewController.swift in Sources */ = {isa = PBXBuildFile; fileRef = 12848F2C298E5B4A00EA4D8B /* NewsViewController.swift */; };
		12848F2F298E5B4B00EA4D8B /* NewsViewController.xib in Resources */ = {isa = PBXBuildFile; fileRef = 12848F2D298E5B4B00EA4D8B /* NewsViewController.xib */; };
		12848F35298E6C8300EA4D8B /* NewsTableViewCell.swift in Sources */ = {isa = PBXBuildFile; fileRef = 12848F33298E6C8300EA4D8B /* NewsTableViewCell.swift */; };
		12848F36298E6C8300EA4D8B /* NewsTableViewCell.xib in Resources */ = {isa = PBXBuildFile; fileRef = 12848F34298E6C8300EA4D8B /* NewsTableViewCell.xib */; };
		12848F3C298F0F7D00EA4D8B /* NewsFetcher.swift in Sources */ = {isa = PBXBuildFile; fileRef = 12848F3B298F0F7C00EA4D8B /* NewsFetcher.swift */; };
		12848F3F298F1AA900EA4D8B /* DetailedViewController.swift in Sources */ = {isa = PBXBuildFile; fileRef = 12848F3D298F1AA900EA4D8B /* DetailedViewController.swift */; };
		12848F44298FFA5600EA4D8B /* NewsSeen.swift in Sources */ = {isa = PBXBuildFile; fileRef = 12848F43298FFA5600EA4D8B /* NewsSeen.swift */; };
		A28A7F46298F3BFF005B143A /* DetailedViewController.xib in Resources */ = {isa = PBXBuildFile; fileRef = A28A7F45298F3BFF005B143A /* DetailedViewController.xib */; };
		A28A7F48298F4150005B143A /* ImageFetcher.swift in Sources */ = {isa = PBXBuildFile; fileRef = A28A7F47298F4150005B143A /* ImageFetcher.swift */; };
		A28A7F4A298F4587005B143A /* NewsBrowser.swift in Sources */ = {isa = PBXBuildFile; fileRef = A28A7F49298F4587005B143A /* NewsBrowser.swift */; };
/* End PBXBuildFile section */

/* Begin PBXFileReference section */
		12848EE6298D4D5700EA4D8B /* TFS_homework_proj.app */ = {isa = PBXFileReference; explicitFileType = wrapper.application; includeInIndex = 0; path = TFS_homework_proj.app; sourceTree = BUILT_PRODUCTS_DIR; };
		12848EE9298D4D5700EA4D8B /* AppDelegate.swift */ = {isa = PBXFileReference; lastKnownFileType = sourcecode.swift; path = AppDelegate.swift; sourceTree = "<group>"; };
		12848EEB298D4D5700EA4D8B /* SceneDelegate.swift */ = {isa = PBXFileReference; lastKnownFileType = sourcecode.swift; path = SceneDelegate.swift; sourceTree = "<group>"; };
		12848EF2298D4D5900EA4D8B /* Assets.xcassets */ = {isa = PBXFileReference; lastKnownFileType = folder.assetcatalog; path = Assets.xcassets; sourceTree = "<group>"; };
		12848EF5298D4D5900EA4D8B /* Base */ = {isa = PBXFileReference; lastKnownFileType = file.storyboard; name = Base; path = Base.lproj/LaunchScreen.storyboard; sourceTree = "<group>"; };
		12848EF7298D4D5900EA4D8B /* Info.plist */ = {isa = PBXFileReference; lastKnownFileType = text.plist.xml; path = Info.plist; sourceTree = "<group>"; };
		12848F1A298DCC2000EA4D8B /* SearchResults.swift */ = {isa = PBXFileReference; lastKnownFileType = sourcecode.swift; path = SearchResults.swift; sourceTree = "<group>"; };
		12848F2C298E5B4A00EA4D8B /* NewsViewController.swift */ = {isa = PBXFileReference; lastKnownFileType = sourcecode.swift; path = NewsViewController.swift; sourceTree = "<group>"; };
		12848F2D298E5B4B00EA4D8B /* NewsViewController.xib */ = {isa = PBXFileReference; lastKnownFileType = file.xib; path = NewsViewController.xib; sourceTree = "<group>"; };
		12848F33298E6C8300EA4D8B /* NewsTableViewCell.swift */ = {isa = PBXFileReference; lastKnownFileType = sourcecode.swift; path = NewsTableViewCell.swift; sourceTree = "<group>"; };
		12848F34298E6C8300EA4D8B /* NewsTableViewCell.xib */ = {isa = PBXFileReference; lastKnownFileType = file.xib; path = NewsTableViewCell.xib; sourceTree = "<group>"; };
		12848F3B298F0F7C00EA4D8B /* NewsFetcher.swift */ = {isa = PBXFileReference; lastKnownFileType = sourcecode.swift; path = NewsFetcher.swift; sourceTree = "<group>"; };
		12848F3D298F1AA900EA4D8B /* DetailedViewController.swift */ = {isa = PBXFileReference; lastKnownFileType = sourcecode.swift; path = DetailedViewController.swift; sourceTree = "<group>"; };
		12848F43298FFA5600EA4D8B /* NewsSeen.swift */ = {isa = PBXFileReference; lastKnownFileType = sourcecode.swift; path = NewsSeen.swift; sourceTree = "<group>"; };
		A28A7F45298F3BFF005B143A /* DetailedViewController.xib */ = {isa = PBXFileReference; lastKnownFileType = file.xib; path = DetailedViewController.xib; sourceTree = "<group>"; };
		A28A7F47298F4150005B143A /* ImageFetcher.swift */ = {isa = PBXFileReference; lastKnownFileType = sourcecode.swift; path = ImageFetcher.swift; sourceTree = "<group>"; };
		A28A7F49298F4587005B143A /* NewsBrowser.swift */ = {isa = PBXFileReference; lastKnownFileType = sourcecode.swift; path = NewsBrowser.swift; sourceTree = "<group>"; };
/* End PBXFileReference section */

/* Begin PBXFrameworksBuildPhase section */
		12848EE3298D4D5700EA4D8B /* Frameworks */ = {
			isa = PBXFrameworksBuildPhase;
			buildActionMask = 2147483647;
			files = (
			);
			runOnlyForDeploymentPostprocessing = 0;
		};
/* End PBXFrameworksBuildPhase section */

/* Begin PBXGroup section */
		12848EDD298D4D5600EA4D8B = {
			isa = PBXGroup;
			children = (
				12848EE8298D4D5700EA4D8B /* TFS_homework_proj */,
				12848EE7298D4D5700EA4D8B /* Products */,
			);
			sourceTree = "<group>";
		};
		12848EE7298D4D5700EA4D8B /* Products */ = {
			isa = PBXGroup;
			children = (
				12848EE6298D4D5700EA4D8B /* TFS_homework_proj.app */,
			);
			name = Products;
			sourceTree = "<group>";
		};
		12848EE8298D4D5700EA4D8B /* TFS_homework_proj */ = {
			isa = PBXGroup;
			children = (
				12848F32298E6C6500EA4D8B /* Cells */,
				12848EE9298D4D5700EA4D8B /* AppDelegate.swift */,
				12848EEB298D4D5700EA4D8B /* SceneDelegate.swift */,
				12848EF2298D4D5900EA4D8B /* Assets.xcassets */,
				12848EF4298D4D5900EA4D8B /* LaunchScreen.storyboard */,
				12848EF7298D4D5900EA4D8B /* Info.plist */,
				12848F1A298DCC2000EA4D8B /* SearchResults.swift */,
				12848F43298FFA5600EA4D8B /* NewsSeen.swift */,
				12848F2C298E5B4A00EA4D8B /* NewsViewController.swift */,
				12848F2D298E5B4B00EA4D8B /* NewsViewController.xib */,
				12848F3D298F1AA900EA4D8B /* DetailedViewController.swift */,
				A28A7F45298F3BFF005B143A /* DetailedViewController.xib */,
				12848F3B298F0F7C00EA4D8B /* NewsFetcher.swift */,
				A28A7F47298F4150005B143A /* ImageFetcher.swift */,
				A28A7F49298F4587005B143A /* NewsBrowser.swift */,
			);
			path = TFS_homework_proj;
			sourceTree = "<group>";
		};
		12848F32298E6C6500EA4D8B /* Cells */ = {
			isa = PBXGroup;
			children = (
				12848F33298E6C8300EA4D8B /* NewsTableViewCell.swift */,
				12848F34298E6C8300EA4D8B /* NewsTableViewCell.xib */,
			);
			path = Cells;
			sourceTree = "<group>";
		};
/* End PBXGroup section */

/* Begin PBXNativeTarget section */
		12848EE5298D4D5700EA4D8B /* TFS_homework_proj */ = {
			isa = PBXNativeTarget;
			buildConfigurationList = 12848EFA298D4D5900EA4D8B /* Build configuration list for PBXNativeTarget "TFS_homework_proj" */;
			buildPhases = (
				12848EE2298D4D5700EA4D8B /* Sources */,
				12848EE3298D4D5700EA4D8B /* Frameworks */,
				12848EE4298D4D5700EA4D8B /* Resources */,
			);
			buildRules = (
			);
			dependencies = (
			);
			name = TFS_homework_proj;
			productName = TFS_homework_proj;
			productReference = 12848EE6298D4D5700EA4D8B /* TFS_homework_proj.app */;
			productType = "com.apple.product-type.application";
		};
/* End PBXNativeTarget section */

/* Begin PBXProject section */
		12848EDE298D4D5600EA4D8B /* Project object */ = {
			isa = PBXProject;
			attributes = {
				BuildIndependentTargetsInParallel = 1;
				LastSwiftUpdateCheck = 1320;
				LastUpgradeCheck = 1320;
				TargetAttributes = {
					12848EE5298D4D5700EA4D8B = {
						CreatedOnToolsVersion = 13.2.1;
					};
				};
			};
			buildConfigurationList = 12848EE1298D4D5700EA4D8B /* Build configuration list for PBXProject "TFS_homework_proj" */;
			compatibilityVersion = "Xcode 13.0";
			developmentRegion = en;
			hasScannedForEncodings = 0;
			knownRegions = (
				en,
				Base,
			);
			mainGroup = 12848EDD298D4D5600EA4D8B;
			productRefGroup = 12848EE7298D4D5700EA4D8B /* Products */;
			projectDirPath = "";
			projectRoot = "";
			targets = (
				12848EE5298D4D5700EA4D8B /* TFS_homework_proj */,
			);
		};
/* End PBXProject section */

/* Begin PBXResourcesBuildPhase section */
		12848EE4298D4D5700EA4D8B /* Resources */ = {
			isa = PBXResourcesBuildPhase;
			buildActionMask = 2147483647;
			files = (
				12848EF6298D4D5900EA4D8B /* LaunchScreen.storyboard in Resources */,
				12848EF3298D4D5900EA4D8B /* Assets.xcassets in Resources */,
				12848F36298E6C8300EA4D8B /* NewsTableViewCell.xib in Resources */,
				A28A7F46298F3BFF005B143A /* DetailedViewController.xib in Resources */,
				12848F2F298E5B4B00EA4D8B /* NewsViewController.xib in Resources */,
			);
			runOnlyForDeploymentPostprocessing = 0;
		};
/* End PBXResourcesBuildPhase section */

/* Begin PBXSourcesBuildPhase section */
		12848EE2298D4D5700EA4D8B /* Sources */ = {
			isa = PBXSourcesBuildPhase;
			buildActionMask = 2147483647;
			files = (
				12848F3F298F1AA900EA4D8B /* DetailedViewController.swift in Sources */,
				A28A7F48298F4150005B143A /* ImageFetcher.swift in Sources */,
				12848EEA298D4D5700EA4D8B /* AppDelegate.swift in Sources */,
				12848F35298E6C8300EA4D8B /* NewsTableViewCell.swift in Sources */,
				12848F3C298F0F7D00EA4D8B /* NewsFetcher.swift in Sources */,
				12848F2E298E5B4B00EA4D8B /* NewsViewController.swift in Sources */,
				12848F1B298DCC2000EA4D8B /* SearchResults.swift in Sources */,
				12848F44298FFA5600EA4D8B /* NewsSeen.swift in Sources */,
				12848EEC298D4D5700EA4D8B /* SceneDelegate.swift in Sources */,
				A28A7F4A298F4587005B143A /* NewsBrowser.swift in Sources */,
			);
			runOnlyForDeploymentPostprocessing = 0;
		};
/* End PBXSourcesBuildPhase section */

/* Begin PBXVariantGroup section */
		12848EF4298D4D5900EA4D8B /* LaunchScreen.storyboard */ = {
			isa = PBXVariantGroup;
			children = (
				12848EF5298D4D5900EA4D8B /* Base */,
			);
			name = LaunchScreen.storyboard;
			sourceTree = "<group>";
		};
/* End PBXVariantGroup section */

/* Begin XCBuildConfiguration section */
		12848EF8298D4D5900EA4D8B /* Debug */ = {
			isa = XCBuildConfiguration;
			buildSettings = {
				ALWAYS_SEARCH_USER_PATHS = NO;
				CLANG_ANALYZER_NONNULL = YES;
				CLANG_ANALYZER_NUMBER_OBJECT_CONVERSION = YES_AGGRESSIVE;
				CLANG_CXX_LANGUAGE_STANDARD = "gnu++17";
				CLANG_CXX_LIBRARY = "libc++";
				CLANG_ENABLE_MODULES = YES;
				CLANG_ENABLE_OBJC_ARC = YES;
				CLANG_ENABLE_OBJC_WEAK = YES;
				CLANG_WARN_BLOCK_CAPTURE_AUTORELEASING = YES;
				CLANG_WARN_BOOL_CONVERSION = YES;
				CLANG_WARN_COMMA = YES;
				CLANG_WARN_CONSTANT_CONVERSION = YES;
				CLANG_WARN_DEPRECATED_OBJC_IMPLEMENTATIONS = YES;
				CLANG_WARN_DIRECT_OBJC_ISA_USAGE = YES_ERROR;
				CLANG_WARN_DOCUMENTATION_COMMENTS = YES;
				CLANG_WARN_EMPTY_BODY = YES;
				CLANG_WARN_ENUM_CONVERSION = YES;
				CLANG_WARN_INFINITE_RECURSION = YES;
				CLANG_WARN_INT_CONVERSION = YES;
				CLANG_WARN_NON_LITERAL_NULL_CONVERSION = YES;
				CLANG_WARN_OBJC_IMPLICIT_RETAIN_SELF = YES;
				CLANG_WARN_OBJC_LITERAL_CONVERSION = YES;
				CLANG_WARN_OBJC_ROOT_CLASS = YES_ERROR;
				CLANG_WARN_QUOTED_INCLUDE_IN_FRAMEWORK_HEADER = YES;
				CLANG_WARN_RANGE_LOOP_ANALYSIS = YES;
				CLANG_WARN_STRICT_PROTOTYPES = YES;
				CLANG_WARN_SUSPICIOUS_MOVE = YES;
				CLANG_WARN_UNGUARDED_AVAILABILITY = YES_AGGRESSIVE;
				CLANG_WARN_UNREACHABLE_CODE = YES;
				CLANG_WARN__DUPLICATE_METHOD_MATCH = YES;
				COPY_PHASE_STRIP = NO;
				DEBUG_INFORMATION_FORMAT = dwarf;
				ENABLE_STRICT_OBJC_MSGSEND = YES;
				ENABLE_TESTABILITY = YES;
				GCC_C_LANGUAGE_STANDARD = gnu11;
				GCC_DYNAMIC_NO_PIC = NO;
				GCC_NO_COMMON_BLOCKS = YES;
				GCC_OPTIMIZATION_LEVEL = 0;
				GCC_PREPROCESSOR_DEFINITIONS = (
					"DEBUG=1",
					"$(inherited)",
				);
				GCC_WARN_64_TO_32_BIT_CONVERSION = YES;
				GCC_WARN_ABOUT_RETURN_TYPE = YES_ERROR;
				GCC_WARN_UNDECLARED_SELECTOR = YES;
				GCC_WARN_UNINITIALIZED_AUTOS = YES_AGGRESSIVE;
				GCC_WARN_UNUSED_FUNCTION = YES;
				GCC_WARN_UNUSED_VARIABLE = YES;
				IPHONEOS_DEPLOYMENT_TARGET = 14.0;
				MTL_ENABLE_DEBUG_INFO = INCLUDE_SOURCE;
				MTL_FAST_MATH = YES;
				ONLY_ACTIVE_ARCH = YES;
				SDKROOT = iphoneos;
				SWIFT_ACTIVE_COMPILATION_CONDITIONS = DEBUG;
				SWIFT_OPTIMIZATION_LEVEL = "-Onone";
			};
			name = Debug;
		};
		12848EF9298D4D5900EA4D8B /* Release */ = {
			isa = XCBuildConfiguration;
			buildSettings = {
				ALWAYS_SEARCH_USER_PATHS = NO;
				CLANG_ANALYZER_NONNULL = YES;
				CLANG_ANALYZER_NUMBER_OBJECT_CONVERSION = YES_AGGRESSIVE;
				CLANG_CXX_LANGUAGE_STANDARD = "gnu++17";
				CLANG_CXX_LIBRARY = "libc++";
				CLANG_ENABLE_MODULES = YES;
				CLANG_ENABLE_OBJC_ARC = YES;
				CLANG_ENABLE_OBJC_WEAK = YES;
				CLANG_WARN_BLOCK_CAPTURE_AUTORELEASING = YES;
				CLANG_WARN_BOOL_CONVERSION = YES;
				CLANG_WARN_COMMA = YES;
				CLANG_WARN_CONSTANT_CONVERSION = YES;
				CLANG_WARN_DEPRECATED_OBJC_IMPLEMENTATIONS = YES;
				CLANG_WARN_DIRECT_OBJC_ISA_USAGE = YES_ERROR;
				CLANG_WARN_DOCUMENTATION_COMMENTS = YES;
				CLANG_WARN_EMPTY_BODY = YES;
				CLANG_WARN_ENUM_CONVERSION = YES;
				CLANG_WARN_INFINITE_RECURSION = YES;
				CLANG_WARN_INT_CONVERSION = YES;
				CLANG_WARN_NON_LITERAL_NULL_CONVERSION = YES;
				CLANG_WARN_OBJC_IMPLICIT_RETAIN_SELF = YES;
				CLANG_WARN_OBJC_LITERAL_CONVERSION = YES;
				CLANG_WARN_OBJC_ROOT_CLASS = YES_ERROR;
				CLANG_WARN_QUOTED_INCLUDE_IN_FRAMEWORK_HEADER = YES;
				CLANG_WARN_RANGE_LOOP_ANALYSIS = YES;
				CLANG_WARN_STRICT_PROTOTYPES = YES;
				CLANG_WARN_SUSPICIOUS_MOVE = YES;
				CLANG_WARN_UNGUARDED_AVAILABILITY = YES_AGGRESSIVE;
				CLANG_WARN_UNREACHABLE_CODE = YES;
				CLANG_WARN__DUPLICATE_METHOD_MATCH = YES;
				COPY_PHASE_STRIP = NO;
				DEBUG_INFORMATION_FORMAT = "dwarf-with-dsym";
				ENABLE_NS_ASSERTIONS = NO;
				ENABLE_STRICT_OBJC_MSGSEND = YES;
				GCC_C_LANGUAGE_STANDARD = gnu11;
				GCC_NO_COMMON_BLOCKS = YES;
				GCC_WARN_64_TO_32_BIT_CONVERSION = YES;
				GCC_WARN_ABOUT_RETURN_TYPE = YES_ERROR;
				GCC_WARN_UNDECLARED_SELECTOR = YES;
				GCC_WARN_UNINITIALIZED_AUTOS = YES_AGGRESSIVE;
				GCC_WARN_UNUSED_FUNCTION = YES;
				GCC_WARN_UNUSED_VARIABLE = YES;
				IPHONEOS_DEPLOYMENT_TARGET = 14.0;
				MTL_ENABLE_DEBUG_INFO = NO;
				MTL_FAST_MATH = YES;
				SDKROOT = iphoneos;
				SWIFT_COMPILATION_MODE = wholemodule;
				SWIFT_OPTIMIZATION_LEVEL = "-O";
				VALIDATE_PRODUCT = YES;
			};
			name = Release;
		};
		12848EFB298D4D5900EA4D8B /* Debug */ = {
			isa = XCBuildConfiguration;
			buildSettings = {
				ASSETCATALOG_COMPILER_APPICON_NAME = AppIcon;
				ASSETCATALOG_COMPILER_GLOBAL_ACCENT_COLOR_NAME = AccentColor;
				CODE_SIGN_STYLE = Automatic;
				CURRENT_PROJECT_VERSION = 1;
				DEVELOPMENT_TEAM = Z3H74VZV6Q;
				GENERATE_INFOPLIST_FILE = YES;
				INFOPLIST_FILE = TFS_homework_proj/Info.plist;
				INFOPLIST_KEY_UIApplicationSupportsIndirectInputEvents = YES;
				INFOPLIST_KEY_UILaunchStoryboardName = LaunchScreen;
				INFOPLIST_KEY_UISupportedInterfaceOrientations_iPad = "UIInterfaceOrientationPortrait UIInterfaceOrientationPortraitUpsideDown UIInterfaceOrientationLandscapeLeft UIInterfaceOrientationLandscapeRight";
				INFOPLIST_KEY_UISupportedInterfaceOrientations_iPhone = "UIInterfaceOrientationPortrait UIInterfaceOrientationLandscapeLeft UIInterfaceOrientationLandscapeRight";
				IPHONEOS_DEPLOYMENT_TARGET = 14.0;
				LD_RUNPATH_SEARCH_PATHS = (
					"$(inherited)",
					"@executable_path/Frameworks",
				);
				MARKETING_VERSION = 1.0;
				PRODUCT_BUNDLE_IDENTIFIER = "mikmaksimov.TFS-homework-proj";
				PRODUCT_NAME = "$(TARGET_NAME)";
				SWIFT_EMIT_LOC_STRINGS = YES;
				SWIFT_VERSION = 5.0;
				TARGETED_DEVICE_FAMILY = 1;
			};
			name = Debug;
		};
		12848EFC298D4D5900EA4D8B /* Release */ = {
			isa = XCBuildConfiguration;
			buildSettings = {
				ASSETCATALOG_COMPILER_APPICON_NAME = AppIcon;
				ASSETCATALOG_COMPILER_GLOBAL_ACCENT_COLOR_NAME = AccentColor;
				CODE_SIGN_STYLE = Automatic;
				CURRENT_PROJECT_VERSION = 1;
				DEVELOPMENT_TEAM = Z3H74VZV6Q;
				GENERATE_INFOPLIST_FILE = YES;
				INFOPLIST_FILE = TFS_homework_proj/Info.plist;
				INFOPLIST_KEY_UIApplicationSupportsIndirectInputEvents = YES;
				INFOPLIST_KEY_UILaunchStoryboardName = LaunchScreen;
				INFOPLIST_KEY_UISupportedInterfaceOrientations_iPad = "UIInterfaceOrientationPortrait UIInterfaceOrientationPortraitUpsideDown UIInterfaceOrientationLandscapeLeft UIInterfaceOrientationLandscapeRight";
				INFOPLIST_KEY_UISupportedInterfaceOrientations_iPhone = "UIInterfaceOrientationPortrait UIInterfaceOrientationLandscapeLeft UIInterfaceOrientationLandscapeRight";
				IPHONEOS_DEPLOYMENT_TARGET = 14.0;
				LD_RUNPATH_SEARCH_PATHS = (
					"$(inherited)",
					"@executable_path/Frameworks",
				);
				MARKETING_VERSION = 1.0;
				PRODUCT_BUNDLE_IDENTIFIER = "mikmaksimov.TFS-homework-proj";
				PRODUCT_NAME = "$(TARGET_NAME)";
				SWIFT_EMIT_LOC_STRINGS = YES;
				SWIFT_VERSION = 5.0;
				TARGETED_DEVICE_FAMILY = 1;
			};
			name = Release;
		};
/* End XCBuildConfiguration section */

/* Begin XCConfigurationList section */
		12848EE1298D4D5700EA4D8B /* Build configuration list for PBXProject "TFS_homework_proj" */ = {
			isa = XCConfigurationList;
			buildConfigurations = (
				12848EF8298D4D5900EA4D8B /* Debug */,
				12848EF9298D4D5900EA4D8B /* Release */,
			);
			defaultConfigurationIsVisible = 0;
			defaultConfigurationName = Release;
		};
		12848EFA298D4D5900EA4D8B /* Build configuration list for PBXNativeTarget "TFS_homework_proj" */ = {
			isa = XCConfigurationList;
			buildConfigurations = (
				12848EFB298D4D5900EA4D8B /* Debug */,
				12848EFC298D4D5900EA4D8B /* Release */,
			);
			defaultConfigurationIsVisible = 0;
			defaultConfigurationName = Release;
		};
/* End XCConfigurationList section */
	};
	rootObject = 12848EDE298D4D5600EA4D8B /* Project object */;
}
